
Microsoft Visual Studio Solution File, Format Version 12.00
# Visual Studio 15
VisualStudioVersion = 15.0.27004.2005
MinimumVisualStudioVersion = 10.0.40219.1
Project("{9A19103F-16F7-4668-BE54-9A1E7A4F7556}") = "EntretiempoDeportivo.StoreManager", "EntretiempoDeportivo.StoreManager\EntretiempoDeportivo.StoreManager.csproj", "{9FD1146B-DDF6-4220-91F3-3CBBDAD58BB5}"
EndProject
Project("{FAE04EC0-301F-11D3-BF4B-00C04F79EFBC}") = "EntretiempoDeportivo.CrossCuttingLayer", "EntretiempoDeportivo.CrossCuttingLayer\EntretiempoDeportivo.CrossCuttingLayer.csproj", "{C3AC915F-FEA4-4724-B0AF-F1EE9D511026}"
EndProject
Global
	GlobalSection(SolutionConfigurationPlatforms) = preSolution
		Debug|Any CPU = Debug|Any CPU
		Release|Any CPU = Release|Any CPU
	EndGlobalSection
	GlobalSection(ProjectConfigurationPlatforms) = postSolution
		{9FD1146B-DDF6-4220-91F3-3CBBDAD58BB5}.Debug|Any CPU.ActiveCfg = Debug|Any CPU
		{9FD1146B-DDF6-4220-91F3-3CBBDAD58BB5}.Debug|Any CPU.Build.0 = Debug|Any CPU
		{9FD1146B-DDF6-4220-91F3-3CBBDAD58BB5}.Release|Any CPU.ActiveCfg = Release|Any CPU
		{9FD1146B-DDF6-4220-91F3-3CBBDAD58BB5}.Release|Any CPU.Build.0 = Release|Any CPU
		{C3AC915F-FEA4-4724-B0AF-F1EE9D511026}.Debug|Any CPU.ActiveCfg = Debug|Any CPU
		{C3AC915F-FEA4-4724-B0AF-F1EE9D511026}.Debug|Any CPU.Build.0 = Debug|Any CPU
		{C3AC915F-FEA4-4724-B0AF-F1EE9D511026}.Release|Any CPU.ActiveCfg = Release|Any CPU
		{C3AC915F-FEA4-4724-B0AF-F1EE9D511026}.Release|Any CPU.Build.0 = Release|Any CPU
	EndGlobalSection
	GlobalSection(SolutionProperties) = preSolution
		HideSolutionNode = FALSE
	EndGlobalSection
	GlobalSection(ExtensibilityGlobals) = postSolution
		SolutionGuid = {D959670B-317B-472D-AC1A-81EDF8DFDB44}
	EndGlobalSection
EndGlobal
